
Microsoft Visual Studio Solution File, Format Version 12.00
Project("{FAE04EC0-301F-11D3-BF4B-00C04F79EFBC}") = "lab3_cscs", "lab3_cscs\lab3_cscs.csproj", "{413281D1-8D23-4C84-8D10-9A3CD45C79E6}"
EndProject
Global
	GlobalSection(SolutionConfigurationPlatforms) = preSolution
		Debug|Any CPU = Debug|Any CPU
		Release|Any CPU = Release|Any CPU
	EndGlobalSection
	GlobalSection(ProjectConfigurationPlatforms) = postSolution
		{413281D1-8D23-4C84-8D10-9A3CD45C79E6}.Debug|Any CPU.ActiveCfg = Debug|Any CPU
		{413281D1-8D23-4C84-8D10-9A3CD45C79E6}.Debug|Any CPU.Build.0 = Debug|Any CPU
		{413281D1-8D23-4C84-8D10-9A3CD45C79E6}.Release|Any CPU.ActiveCfg = Release|Any CPU
		{413281D1-8D23-4C84-8D10-9A3CD45C79E6}.Release|Any CPU.Build.0 = Release|Any CPU
	EndGlobalSection
EndGlobal
