
Microsoft Visual Studio Solution File, Format Version 12.00
Project("{FAE04EC0-301F-11D3-BF4B-00C04F79EFBC}") = "laborator_01", "laborator_01\laborator_01.csproj", "{9DB3EF5E-847B-49FF-A725-67C2725070FB}"
EndProject
Global
	GlobalSection(SolutionConfigurationPlatforms) = preSolution
		Debug|Any CPU = Debug|Any CPU
		Release|Any CPU = Release|Any CPU
	EndGlobalSection
	GlobalSection(ProjectConfigurationPlatforms) = postSolution
		{9DB3EF5E-847B-49FF-A725-67C2725070FB}.Debug|Any CPU.ActiveCfg = Debug|Any CPU
		{9DB3EF5E-847B-49FF-A725-67C2725070FB}.Debug|Any CPU.Build.0 = Debug|Any CPU
		{9DB3EF5E-847B-49FF-A725-67C2725070FB}.Release|Any CPU.ActiveCfg = Release|Any CPU
		{9DB3EF5E-847B-49FF-A725-67C2725070FB}.Release|Any CPU.Build.0 = Release|Any CPU
	EndGlobalSection
EndGlobal
